
Microsoft Visual Studio Solution File, Format Version 12.00
# Visual Studio Version 16
VisualStudioVersion = 16.0.31515.178
MinimumVisualStudioVersion = 10.0.40219.1
Project("{FAE04EC0-301F-11D3-BF4B-00C04F79EFBC}") = "MpstatsSite", "MpstatsSite\MpstatsSite.csproj", "{F10D3AFA-5CAF-4C59-A046-42269E1883CD}"
EndProject
Project("{FAE04EC0-301F-11D3-BF4B-00C04F79EFBC}") = "MpstatsAPIWrapper", "MpstatsAPIWrapper\MpstatsAPIWrapper.csproj", "{4732185E-C552-4DB3-A480-B2E00CA75C89}"
EndProject
Project("{FAE04EC0-301F-11D3-BF4B-00C04F79EFBC}") = "TelegramMpBot", "TelegramMpBot\TelegramMpBot.csproj", "{B13D0F79-DE60-406B-9D9A-48101FF2D52A}"
EndProject
Project("{FAE04EC0-301F-11D3-BF4B-00C04F79EFBC}") = "TelegramMpBot.Database", "TelegramMpBot.Database\TelegramMpBot.Database.csproj", "{2B6A53A3-9915-4E91-93E0-888B0EACD05B}"
EndProject
Global
	GlobalSection(SolutionConfigurationPlatforms) = preSolution
		Debug|Any CPU = Debug|Any CPU
		Release|Any CPU = Release|Any CPU
	EndGlobalSection
	GlobalSection(ProjectConfigurationPlatforms) = postSolution
		{F10D3AFA-5CAF-4C59-A046-42269E1883CD}.Debug|Any CPU.ActiveCfg = Debug|Any CPU
		{F10D3AFA-5CAF-4C59-A046-42269E1883CD}.Debug|Any CPU.Build.0 = Debug|Any CPU
		{F10D3AFA-5CAF-4C59-A046-42269E1883CD}.Release|Any CPU.ActiveCfg = Release|Any CPU
		{F10D3AFA-5CAF-4C59-A046-42269E1883CD}.Release|Any CPU.Build.0 = Release|Any CPU
		{4732185E-C552-4DB3-A480-B2E00CA75C89}.Debug|Any CPU.ActiveCfg = Debug|Any CPU
		{4732185E-C552-4DB3-A480-B2E00CA75C89}.Debug|Any CPU.Build.0 = Debug|Any CPU
		{4732185E-C552-4DB3-A480-B2E00CA75C89}.Release|Any CPU.ActiveCfg = Release|Any CPU
		{4732185E-C552-4DB3-A480-B2E00CA75C89}.Release|Any CPU.Build.0 = Release|Any CPU
		{B13D0F79-DE60-406B-9D9A-48101FF2D52A}.Debug|Any CPU.ActiveCfg = Debug|Any CPU
		{B13D0F79-DE60-406B-9D9A-48101FF2D52A}.Debug|Any CPU.Build.0 = Debug|Any CPU
		{B13D0F79-DE60-406B-9D9A-48101FF2D52A}.Release|Any CPU.ActiveCfg = Release|Any CPU
		{B13D0F79-DE60-406B-9D9A-48101FF2D52A}.Release|Any CPU.Build.0 = Release|Any CPU
		{2B6A53A3-9915-4E91-93E0-888B0EACD05B}.Debug|Any CPU.ActiveCfg = Debug|Any CPU
		{2B6A53A3-9915-4E91-93E0-888B0EACD05B}.Debug|Any CPU.Build.0 = Debug|Any CPU
		{2B6A53A3-9915-4E91-93E0-888B0EACD05B}.Release|Any CPU.ActiveCfg = Release|Any CPU
		{2B6A53A3-9915-4E91-93E0-888B0EACD05B}.Release|Any CPU.Build.0 = Release|Any CPU
	EndGlobalSection
	GlobalSection(SolutionProperties) = preSolution
		HideSolutionNode = FALSE
	EndGlobalSection
	GlobalSection(ExtensibilityGlobals) = postSolution
		SolutionGuid = {DC0C69FE-E3F6-4E92-B46A-E845813E38DF}
	EndGlobalSection
EndGlobal
